
Microsoft Visual Studio Solution File, Format Version 12.00
# Visual Studio Version 16
VisualStudioVersion = 16.0.29613.14
MinimumVisualStudioVersion = 10.0.40219.1
Project("{FAE04EC0-301F-11D3-BF4B-00C04F79EFBC}") = "BackendWebsocket", "BackendWebsocket.csproj", "{ACBDA7A7-493A-406F-AB9C-6C13DC15640B}"
EndProject
Global
	GlobalSection(SolutionConfigurationPlatforms) = preSolution
		Debug|Any CPU = Debug|Any CPU
		Release|Any CPU = Release|Any CPU
	EndGlobalSection
	GlobalSection(ProjectConfigurationPlatforms) = postSolution
		{ACBDA7A7-493A-406F-AB9C-6C13DC15640B}.Debug|Any CPU.ActiveCfg = Debug|Any CPU
		{ACBDA7A7-493A-406F-AB9C-6C13DC15640B}.Debug|Any CPU.Build.0 = Debug|Any CPU
		{ACBDA7A7-493A-406F-AB9C-6C13DC15640B}.Release|Any CPU.ActiveCfg = Release|Any CPU
		{ACBDA7A7-493A-406F-AB9C-6C13DC15640B}.Release|Any CPU.Build.0 = Release|Any CPU
	EndGlobalSection
	GlobalSection(SolutionProperties) = preSolution
		HideSolutionNode = FALSE
	EndGlobalSection
	GlobalSection(ExtensibilityGlobals) = postSolution
		SolutionGuid = {C0B6AB52-FC40-4EBF-8275-9703A8B3584A}
	EndGlobalSection
EndGlobal
